
Microsoft Visual Studio Solution File, Format Version 12.00
# Visual Studio 15
VisualStudioVersion = 15.0.27004.2002
MinimumVisualStudioVersion = 10.0.40219.1
Project("{FAE04EC0-301F-11D3-BF4B-00C04F79EFBC}") = "WordsCount", "WordsCount\WordsCount.csproj", "{059DB4D6-3B14-4890-A33D-F1133771F4DB}"
EndProject
Project("{FAE04EC0-301F-11D3-BF4B-00C04F79EFBC}") = "DbAdapter", "DbAdapter\DbAdapter.csproj", "{D4FCD900-A8A2-435D-AEC9-3816D943532E}"
EndProject
Project("{FAE04EC0-301F-11D3-BF4B-00C04F79EFBC}") = "AppModels", "AppModels\AppModels.csproj", "{8BC4DC3D-FB59-4955-9516-09F341A62D3C}"
EndProject
Project("{FAE04EC0-301F-11D3-BF4B-00C04F79EFBC}") = "AppServices", "AppServices\AppServices.csproj", "{92D8784A-EEB6-4C73-A7D1-7236EC0A10B5}"
EndProject
Global
	GlobalSection(SolutionConfigurationPlatforms) = preSolution
		Debug|Any CPU = Debug|Any CPU
		Release|Any CPU = Release|Any CPU
	EndGlobalSection
	GlobalSection(ProjectConfigurationPlatforms) = postSolution
		{059DB4D6-3B14-4890-A33D-F1133771F4DB}.Debug|Any CPU.ActiveCfg = Debug|Any CPU
		{059DB4D6-3B14-4890-A33D-F1133771F4DB}.Debug|Any CPU.Build.0 = Debug|Any CPU
		{059DB4D6-3B14-4890-A33D-F1133771F4DB}.Release|Any CPU.ActiveCfg = Release|Any CPU
		{059DB4D6-3B14-4890-A33D-F1133771F4DB}.Release|Any CPU.Build.0 = Release|Any CPU
		{D4FCD900-A8A2-435D-AEC9-3816D943532E}.Debug|Any CPU.ActiveCfg = Debug|Any CPU
		{D4FCD900-A8A2-435D-AEC9-3816D943532E}.Debug|Any CPU.Build.0 = Debug|Any CPU
		{D4FCD900-A8A2-435D-AEC9-3816D943532E}.Release|Any CPU.ActiveCfg = Release|Any CPU
		{D4FCD900-A8A2-435D-AEC9-3816D943532E}.Release|Any CPU.Build.0 = Release|Any CPU
		{8BC4DC3D-FB59-4955-9516-09F341A62D3C}.Debug|Any CPU.ActiveCfg = Debug|Any CPU
		{8BC4DC3D-FB59-4955-9516-09F341A62D3C}.Debug|Any CPU.Build.0 = Debug|Any CPU
		{8BC4DC3D-FB59-4955-9516-09F341A62D3C}.Release|Any CPU.ActiveCfg = Release|Any CPU
		{8BC4DC3D-FB59-4955-9516-09F341A62D3C}.Release|Any CPU.Build.0 = Release|Any CPU
		{92D8784A-EEB6-4C73-A7D1-7236EC0A10B5}.Debug|Any CPU.ActiveCfg = Debug|Any CPU
		{92D8784A-EEB6-4C73-A7D1-7236EC0A10B5}.Debug|Any CPU.Build.0 = Debug|Any CPU
		{92D8784A-EEB6-4C73-A7D1-7236EC0A10B5}.Release|Any CPU.ActiveCfg = Release|Any CPU
		{92D8784A-EEB6-4C73-A7D1-7236EC0A10B5}.Release|Any CPU.Build.0 = Release|Any CPU
	EndGlobalSection
	GlobalSection(SolutionProperties) = preSolution
		HideSolutionNode = FALSE
	EndGlobalSection
	GlobalSection(ExtensibilityGlobals) = postSolution
		SolutionGuid = {73D95381-CB2C-4EA3-AEA9-C7D4C2554ADF}
	EndGlobalSection
EndGlobal
